
Microsoft Visual Studio Solution File, Format Version 12.00
# Visual Studio Version 16
VisualStudioVersion = 16.0.29806.167
MinimumVisualStudioVersion = 10.0.40219.1
Project("{FAE04EC0-301F-11D3-BF4B-00C04F79EFBC}") = "LicenseGen", "LicenseGen\LicenseGen.csproj", "{DC43A2D4-2EC2-441A-81B6-91754697E20F}"
EndProject
Global
	GlobalSection(SolutionConfigurationPlatforms) = preSolution
		Debug|Any CPU = Debug|Any CPU
		Release|Any CPU = Release|Any CPU
	EndGlobalSection
	GlobalSection(ProjectConfigurationPlatforms) = postSolution
		{DC43A2D4-2EC2-441A-81B6-91754697E20F}.Debug|Any CPU.ActiveCfg = Debug|Any CPU
		{DC43A2D4-2EC2-441A-81B6-91754697E20F}.Debug|Any CPU.Build.0 = Debug|Any CPU
		{DC43A2D4-2EC2-441A-81B6-91754697E20F}.Release|Any CPU.ActiveCfg = Release|Any CPU
		{DC43A2D4-2EC2-441A-81B6-91754697E20F}.Release|Any CPU.Build.0 = Release|Any CPU
	EndGlobalSection
	GlobalSection(SolutionProperties) = preSolution
		HideSolutionNode = FALSE
	EndGlobalSection
	GlobalSection(ExtensibilityGlobals) = postSolution
		SolutionGuid = {D73B2D66-86AB-4BBF-A38B-2470B2CFBA6D}
	EndGlobalSection
EndGlobal
