
Microsoft Visual Studio Solution File, Format Version 12.00
# Visual Studio Version 16
VisualStudioVersion = 16.0.29926.136
MinimumVisualStudioVersion = 10.0.40219.1
Project("{FAE04EC0-301F-11D3-BF4B-00C04F79EFBC}") = "DCLicenseGenerator", "DCLicenseGenerator\DCLicenseGenerator.csproj", "{13703F53-B9E9-4DE6-B999-55B09A34C994}"
EndProject
Global
	GlobalSection(SolutionConfigurationPlatforms) = preSolution
		Debug|Any CPU = Debug|Any CPU
		Release|Any CPU = Release|Any CPU
	EndGlobalSection
	GlobalSection(ProjectConfigurationPlatforms) = postSolution
		{13703F53-B9E9-4DE6-B999-55B09A34C994}.Debug|Any CPU.ActiveCfg = Debug|Any CPU
		{13703F53-B9E9-4DE6-B999-55B09A34C994}.Debug|Any CPU.Build.0 = Debug|Any CPU
		{13703F53-B9E9-4DE6-B999-55B09A34C994}.Release|Any CPU.ActiveCfg = Release|Any CPU
		{13703F53-B9E9-4DE6-B999-55B09A34C994}.Release|Any CPU.Build.0 = Release|Any CPU
	EndGlobalSection
	GlobalSection(SolutionProperties) = preSolution
		HideSolutionNode = FALSE
	EndGlobalSection
	GlobalSection(ExtensibilityGlobals) = postSolution
		SolutionGuid = {92517125-193A-49D2-A86C-08FD5B09EBFA}
	EndGlobalSection
EndGlobal
